
Microsoft Visual Studio Solution File, Format Version 12.00
# Visual Studio Version 16
VisualStudioVersion = 16.0.29215.179
MinimumVisualStudioVersion = 10.0.40219.1
Project("{FAE04EC0-301F-11D3-BF4B-00C04F79EFBC}") = "Pato_Palace", "Pato_Palace\Pato_Palace.csproj", "{C12BFE56-4D91-48F2-8A8F-41C5FFD81678}"
EndProject
Global
	GlobalSection(SolutionConfigurationPlatforms) = preSolution
		Debug|Any CPU = Debug|Any CPU
		Release|Any CPU = Release|Any CPU
	EndGlobalSection
	GlobalSection(ProjectConfigurationPlatforms) = postSolution
		{C12BFE56-4D91-48F2-8A8F-41C5FFD81678}.Debug|Any CPU.ActiveCfg = Debug|Any CPU
		{C12BFE56-4D91-48F2-8A8F-41C5FFD81678}.Debug|Any CPU.Build.0 = Debug|Any CPU
		{C12BFE56-4D91-48F2-8A8F-41C5FFD81678}.Release|Any CPU.ActiveCfg = Release|Any CPU
		{C12BFE56-4D91-48F2-8A8F-41C5FFD81678}.Release|Any CPU.Build.0 = Release|Any CPU
	EndGlobalSection
	GlobalSection(SolutionProperties) = preSolution
		HideSolutionNode = FALSE
	EndGlobalSection
	GlobalSection(ExtensibilityGlobals) = postSolution
		SolutionGuid = {428F6F43-A58D-4AEE-B310-268D7464DD7C}
	EndGlobalSection
EndGlobal
